{
  "nodes": {
    "camas": {
      "inputs": {
        "nixpkgs": "nixpkgs"
      },
      "locked": {
        "lastModified": 1784166210,
        "narHash": "sha256-MR/W/Ai4fZyYLecPrbVs+NHNki6pWMW2VxTdIjf8JiM=",
        "owner": "JPHutchins",
        "repo": "camas",
        "rev": "dbfe0723fb8877957aabe20e04df8897a1b184d0",
        "type": "github"
      },
      "original": {
        "owner": "JPHutchins",
        "ref": "0.1.25",
        "repo": "camas",
        "type": "github"
      }
    },
    "jphfmt": {
      "flake": false,
      "locked": {
        "lastModified": 1783200321,
        "narHash": "sha256-Hn8y1ODlUPEBbTVj4b6+cHtocioBkHV5KeBFLHrwOF8=",
        "owner": "JPHutchins",
        "repo": "jphfmt",
        "rev": "30495fd70d2748d189f6e5fd959de1a2a0d51d8e",
        "type": "github"
      },
      "original": {
        "owner": "JPHutchins",
        "ref": "v0.1.3",
        "repo": "jphfmt",
        "type": "github"
      }
    },
    "nixpkgs": {
      "locked": {
        "lastModified": 1778443072,
        "narHash": "sha256-zi7/fsqM/kFdNuED//4WOCUtezGtKKqRNORjMvfwjnA=",
        "owner": "nixos",
        "repo": "nixpkgs",
        "rev": "da5ad661ba4e5ef59ba743f0d112cbc30e474f32",
        "type": "github"
      },
      "original": {
        "owner": "nixos",
        "ref": "nixos-unstable",
        "repo": "nixpkgs",
        "type": "github"
      }
    },
    "nixpkgs_2": {
      "locked": {
        "lastModified": 1782175435,
        "narHash": "sha256-EMzXKmnOtBQ2MnvpiNOm7E+kOMvdPrIKaeg52Tip2Uk=",
        "owner": "NixOS",
        "repo": "nixpkgs",
        "rev": "89570f24e97e614aa34aa9ab1c927b6578a43775",
        "type": "github"
      },
      "original": {
        "owner": "NixOS",
        "ref": "nixpkgs-unstable",
        "repo": "nixpkgs",
        "type": "github"
      }
    },
    "root": {
      "inputs": {
        "camas": "camas",
        "jphfmt": "jphfmt",
        "nixpkgs": "nixpkgs_2"
      }
    }
  },
  "root": "root",
  "version": 7
}
